
Microsoft Visual Studio Solution File, Format Version 12.00
# Visual Studio Version 16
VisualStudioVersion = 16.0.31129.286
MinimumVisualStudioVersion = 10.0.40219.1
Project("{9A19103F-16F7-4668-BE54-9A1E7A4F7556}") = "Entities", "Entities\Entities.csproj", "{C03C2C53-11B5-43B5-AA0D-B343D85BC7D1}"
EndProject
Project("{9A19103F-16F7-4668-BE54-9A1E7A4F7556}") = "Core", "Core\Core.csproj", "{1FE02559-0905-49A7-A960-8E7F512D6AA7}"
EndProject
Project("{9A19103F-16F7-4668-BE54-9A1E7A4F7556}") = "DataAccess", "DataAccess\DataAccess.csproj", "{AC2AEF57-BEBE-45A1-BE0D-BBD63ED4D787}"
EndProject
Project("{9A19103F-16F7-4668-BE54-9A1E7A4F7556}") = "Business", "Business\Business.csproj", "{5EB063A4-C4C4-4075-BF8B-B72E118D974F}"
EndProject
Project("{FAE04EC0-301F-11D3-BF4B-00C04F79EFBC}") = "WebAPI", "WebAPI\WebAPI.csproj", "{94CDBE17-73C9-474D-A126-2B3C0300B06F}"
EndProject
Global
	GlobalSection(SolutionConfigurationPlatforms) = preSolution
		Debug|Any CPU = Debug|Any CPU
		Release|Any CPU = Release|Any CPU
	EndGlobalSection
	GlobalSection(ProjectConfigurationPlatforms) = postSolution
		{C03C2C53-11B5-43B5-AA0D-B343D85BC7D1}.Debug|Any CPU.ActiveCfg = Debug|Any CPU
		{C03C2C53-11B5-43B5-AA0D-B343D85BC7D1}.Debug|Any CPU.Build.0 = Debug|Any CPU
		{C03C2C53-11B5-43B5-AA0D-B343D85BC7D1}.Release|Any CPU.ActiveCfg = Release|Any CPU
		{C03C2C53-11B5-43B5-AA0D-B343D85BC7D1}.Release|Any CPU.Build.0 = Release|Any CPU
		{1FE02559-0905-49A7-A960-8E7F512D6AA7}.Debug|Any CPU.ActiveCfg = Debug|Any CPU
		{1FE02559-0905-49A7-A960-8E7F512D6AA7}.Debug|Any CPU.Build.0 = Debug|Any CPU
		{1FE02559-0905-49A7-A960-8E7F512D6AA7}.Release|Any CPU.ActiveCfg = Release|Any CPU
		{1FE02559-0905-49A7-A960-8E7F512D6AA7}.Release|Any CPU.Build.0 = Release|Any CPU
		{AC2AEF57-BEBE-45A1-BE0D-BBD63ED4D787}.Debug|Any CPU.ActiveCfg = Debug|Any CPU
		{AC2AEF57-BEBE-45A1-BE0D-BBD63ED4D787}.Debug|Any CPU.Build.0 = Debug|Any CPU
		{AC2AEF57-BEBE-45A1-BE0D-BBD63ED4D787}.Release|Any CPU.ActiveCfg = Release|Any CPU
		{AC2AEF57-BEBE-45A1-BE0D-BBD63ED4D787}.Release|Any CPU.Build.0 = Release|Any CPU
		{5EB063A4-C4C4-4075-BF8B-B72E118D974F}.Debug|Any CPU.ActiveCfg = Debug|Any CPU
		{5EB063A4-C4C4-4075-BF8B-B72E118D974F}.Debug|Any CPU.Build.0 = Debug|Any CPU
		{5EB063A4-C4C4-4075-BF8B-B72E118D974F}.Release|Any CPU.ActiveCfg = Release|Any CPU
		{5EB063A4-C4C4-4075-BF8B-B72E118D974F}.Release|Any CPU.Build.0 = Release|Any CPU
		{94CDBE17-73C9-474D-A126-2B3C0300B06F}.Debug|Any CPU.ActiveCfg = Debug|Any CPU
		{94CDBE17-73C9-474D-A126-2B3C0300B06F}.Debug|Any CPU.Build.0 = Debug|Any CPU
		{94CDBE17-73C9-474D-A126-2B3C0300B06F}.Release|Any CPU.ActiveCfg = Release|Any CPU
		{94CDBE17-73C9-474D-A126-2B3C0300B06F}.Release|Any CPU.Build.0 = Release|Any CPU
	EndGlobalSection
	GlobalSection(SolutionProperties) = preSolution
		HideSolutionNode = FALSE
	EndGlobalSection
	GlobalSection(ExtensibilityGlobals) = postSolution
		SolutionGuid = {AC1702D8-C34D-4036-8FAA-157151CF6D17}
	EndGlobalSection
EndGlobal
